
Microsoft Visual Studio Solution File, Format Version 10.00
# Visual Studio 2008
Project("{FAE04EC0-301F-11D3-BF4B-00C04F79EFBC}") = "Anolis.Core", "Anolis.Core\Anolis.Core.csproj", "{967BF434-D4F9-41E3-8B82-433987DEB4A6}"
EndProject
Project("{FAE04EC0-301F-11D3-BF4B-00C04F79EFBC}") = "Anolis.Resourcer", "Anolis.Resourcer\Anolis.Resourcer.csproj", "{A651602A-6FF5-4DCC-A1FE-4A794F412A36}"
EndProject
Project("{FAE04EC0-301F-11D3-BF4B-00C04F79EFBC}") = "Anolis.Console", "Anolis.Console\Anolis.Console.csproj", "{53D9E79D-1B46-4E69-B8F1-E8EC3A50B0B7}"
EndProject
Project("{FAE04EC0-301F-11D3-BF4B-00C04F79EFBC}") = "Anolis.Gui", "Anolis.Gui\Anolis.Gui.csproj", "{ABEA3311-BF34-4961-B2C8-34AFB8EFB43F}"
EndProject
Project("{FAE04EC0-301F-11D3-BF4B-00C04F79EFBC}") = "Anolis.XisImporter", "Anolis.XisImporter\Anolis.XisImporter.csproj", "{44B1E627-100F-40B9-ABCE-08356D1C3C1D}"
EndProject
Project("{2150E333-8FDC-42A3-9474-1A3956D46DE8}") = "Solution Items", "Solution Items", "{F1AA86BE-FDC7-4B61-827F-8F6C43DE81F1}"
	ProjectSection(SolutionItems) = preProject
		_ref\Be.Windows.Forms.HexBox\Be.Windows.Forms.HexBox.dll = _ref\Be.Windows.Forms.HexBox\Be.Windows.Forms.HexBox.dll
		_ref\Be.Windows.Forms.HexBox\Be.Windows.Forms.HexBox.xml = _ref\Be.Windows.Forms.HexBox\Be.Windows.Forms.HexBox.xml
		_ref\W3b.Wizards\Ookii.Dialogs.dll = _ref\W3b.Wizards\Ookii.Dialogs.dll
		_ref\W3b.Wizards\Ookii.Dialogs.pdb = _ref\W3b.Wizards\Ookii.Dialogs.pdb
		_ref\W3b.Wizards\Ookii.Dialogs.xml = _ref\W3b.Wizards\Ookii.Dialogs.xml
		_ref\SevenZip.Lzma\SevenZip.Lzma.dll = _ref\SevenZip.Lzma\SevenZip.Lzma.dll
		_ref\W3b.WinControls\W3b.WinControls.dll = _ref\W3b.WinControls\W3b.WinControls.dll
		_ref\W3b.WinControls\W3b.WinControls.pdb = _ref\W3b.WinControls\W3b.WinControls.pdb
		_ref\W3b.Wizards\W3b.Wizards.dll = _ref\W3b.Wizards\W3b.Wizards.dll
		_ref\W3b.Wizards\W3b.Wizards.pdb = _ref\W3b.Wizards\W3b.Wizards.pdb
	EndProjectSection
EndProject
Global
	GlobalSection(TeamFoundationVersionControl) = preSolution
		SccNumberOfProjects = 6
		SccEnterpriseProvider = {4CA58AB2-18FA-4F8D-95D4-32DDF27D184C}
		SccTeamFoundationServer = https://tfs03.codeplex.com/
		SccLocalPath0 = .
		SccProjectUniqueName1 = Anolis.Console\\Anolis.Console.csproj
		SccProjectName1 = Anolis.Console
		SccLocalPath1 = Anolis.Console
		SccProjectUniqueName2 = Anolis.Core\\Anolis.Core.csproj
		SccProjectName2 = Anolis.Core
		SccLocalPath2 = Anolis.Core
		SccProjectUniqueName3 = Anolis.Resourcer\\Anolis.Resourcer.csproj
		SccProjectName3 = Anolis.Resourcer
		SccLocalPath3 = Anolis.Resourcer
		SccProjectUniqueName4 = Anolis.Gui\\Anolis.Gui.csproj
		SccProjectName4 = Anolis.Gui
		SccLocalPath4 = Anolis.Gui
		SccProjectUniqueName5 = Anolis.XisImporter\\Anolis.XisImporter.csproj
		SccProjectName5 = Anolis.XisImporter
		SccLocalPath5 = Anolis.XisImporter
	EndGlobalSection
	GlobalSection(SolutionConfigurationPlatforms) = preSolution
		Debug|Any CPU = Debug|Any CPU
		Debug|x86 = Debug|x86
		Release|Any CPU = Release|Any CPU
		Release|x86 = Release|x86
	EndGlobalSection
	GlobalSection(ProjectConfigurationPlatforms) = postSolution
		{967BF434-D4F9-41E3-8B82-433987DEB4A6}.Debug|Any CPU.ActiveCfg = Debug|Any CPU
		{967BF434-D4F9-41E3-8B82-433987DEB4A6}.Debug|Any CPU.Build.0 = Debug|Any CPU
		{967BF434-D4F9-41E3-8B82-433987DEB4A6}.Debug|x86.ActiveCfg = Debug|x86
		{967BF434-D4F9-41E3-8B82-433987DEB4A6}.Debug|x86.Build.0 = Debug|x86
		{967BF434-D4F9-41E3-8B82-433987DEB4A6}.Release|Any CPU.ActiveCfg = Release|Any CPU
		{967BF434-D4F9-41E3-8B82-433987DEB4A6}.Release|Any CPU.Build.0 = Release|Any CPU
		{967BF434-D4F9-41E3-8B82-433987DEB4A6}.Release|x86.ActiveCfg = Release|x86
		{967BF434-D4F9-41E3-8B82-433987DEB4A6}.Release|x86.Build.0 = Release|x86
		{A651602A-6FF5-4DCC-A1FE-4A794F412A36}.Debug|Any CPU.ActiveCfg = Debug|Any CPU
		{A651602A-6FF5-4DCC-A1FE-4A794F412A36}.Debug|Any CPU.Build.0 = Debug|Any CPU
		{A651602A-6FF5-4DCC-A1FE-4A794F412A36}.Debug|x86.ActiveCfg = Debug|x86
		{A651602A-6FF5-4DCC-A1FE-4A794F412A36}.Debug|x86.Build.0 = Debug|x86
		{A651602A-6FF5-4DCC-A1FE-4A794F412A36}.Release|Any CPU.ActiveCfg = Release|Any CPU
		{A651602A-6FF5-4DCC-A1FE-4A794F412A36}.Release|Any CPU.Build.0 = Release|Any CPU
		{A651602A-6FF5-4DCC-A1FE-4A794F412A36}.Release|x86.ActiveCfg = Release|x86
		{A651602A-6FF5-4DCC-A1FE-4A794F412A36}.Release|x86.Build.0 = Release|x86
		{53D9E79D-1B46-4E69-B8F1-E8EC3A50B0B7}.Debug|Any CPU.ActiveCfg = Debug|Any CPU
		{53D9E79D-1B46-4E69-B8F1-E8EC3A50B0B7}.Debug|Any CPU.Build.0 = Debug|Any CPU
		{53D9E79D-1B46-4E69-B8F1-E8EC3A50B0B7}.Debug|x86.ActiveCfg = Debug|x86
		{53D9E79D-1B46-4E69-B8F1-E8EC3A50B0B7}.Debug|x86.Build.0 = Debug|x86
		{53D9E79D-1B46-4E69-B8F1-E8EC3A50B0B7}.Release|Any CPU.ActiveCfg = Release|Any CPU
		{53D9E79D-1B46-4E69-B8F1-E8EC3A50B0B7}.Release|Any CPU.Build.0 = Release|Any CPU
		{53D9E79D-1B46-4E69-B8F1-E8EC3A50B0B7}.Release|x86.ActiveCfg = Release|x86
		{53D9E79D-1B46-4E69-B8F1-E8EC3A50B0B7}.Release|x86.Build.0 = Release|x86
		{ABEA3311-BF34-4961-B2C8-34AFB8EFB43F}.Debug|Any CPU.ActiveCfg = Debug|Any CPU
		{ABEA3311-BF34-4961-B2C8-34AFB8EFB43F}.Debug|Any CPU.Build.0 = Debug|Any CPU
		{ABEA3311-BF34-4961-B2C8-34AFB8EFB43F}.Debug|x86.ActiveCfg = Debug|Any CPU
		{ABEA3311-BF34-4961-B2C8-34AFB8EFB43F}.Release|Any CPU.ActiveCfg = Release|Any CPU
		{ABEA3311-BF34-4961-B2C8-34AFB8EFB43F}.Release|Any CPU.Build.0 = Release|Any CPU
		{ABEA3311-BF34-4961-B2C8-34AFB8EFB43F}.Release|x86.ActiveCfg = Release|Any CPU
		{44B1E627-100F-40B9-ABCE-08356D1C3C1D}.Debug|Any CPU.ActiveCfg = Debug|Any CPU
		{44B1E627-100F-40B9-ABCE-08356D1C3C1D}.Debug|Any CPU.Build.0 = Debug|Any CPU
		{44B1E627-100F-40B9-ABCE-08356D1C3C1D}.Debug|x86.ActiveCfg = Debug|Any CPU
		{44B1E627-100F-40B9-ABCE-08356D1C3C1D}.Release|Any CPU.ActiveCfg = Release|Any CPU
		{44B1E627-100F-40B9-ABCE-08356D1C3C1D}.Release|Any CPU.Build.0 = Release|Any CPU
		{44B1E627-100F-40B9-ABCE-08356D1C3C1D}.Release|x86.ActiveCfg = Release|Any CPU
	EndGlobalSection
	GlobalSection(SolutionProperties) = preSolution
		HideSolutionNode = FALSE
	EndGlobalSection
EndGlobal
