
Microsoft Visual Studio Solution File, Format Version 10.00
# Visual Studio 2008
Project("{FAE04EC0-301F-11D3-BF4B-00C04F79EFBC}") = "Anolis.Tools.PEInfo", "Anolis.Tools.PEInfo.csproj", "{FF3A57DA-CB94-4163-9969-01C7FFDFB221}"
EndProject
Global
	GlobalSection(SolutionConfigurationPlatforms) = preSolution
		Debug|Any CPU = Debug|Any CPU
		Release|Any CPU = Release|Any CPU
	EndGlobalSection
	GlobalSection(ProjectConfigurationPlatforms) = postSolution
		{FF3A57DA-CB94-4163-9969-01C7FFDFB221}.Debug|Any CPU.ActiveCfg = Debug|Any CPU
		{FF3A57DA-CB94-4163-9969-01C7FFDFB221}.Debug|Any CPU.Build.0 = Debug|Any CPU
		{FF3A57DA-CB94-4163-9969-01C7FFDFB221}.Release|Any CPU.ActiveCfg = Release|Any CPU
		{FF3A57DA-CB94-4163-9969-01C7FFDFB221}.Release|Any CPU.Build.0 = Release|Any CPU
	EndGlobalSection
	GlobalSection(SolutionProperties) = preSolution
		HideSolutionNode = FALSE
	EndGlobalSection
EndGlobal
